
Microsoft Visual Studio Solution File, Format Version 12.00
# Visual Studio 15
VisualStudioVersion = 15.0.28307.1525
MinimumVisualStudioVersion = 10.0.40219.1
Project("{FAE04EC0-301F-11D3-BF4B-00C04F79EFBC}") = "WpfApp3_1", "WpfApp3_1\WpfApp3_1.csproj", "{C0DF51C2-672B-4839-A910-352A22368812}"
EndProject
Global
	GlobalSection(SolutionConfigurationPlatforms) = preSolution
		Debug|Any CPU = Debug|Any CPU
		Release|Any CPU = Release|Any CPU
	EndGlobalSection
	GlobalSection(ProjectConfigurationPlatforms) = postSolution
		{C0DF51C2-672B-4839-A910-352A22368812}.Debug|Any CPU.ActiveCfg = Debug|Any CPU
		{C0DF51C2-672B-4839-A910-352A22368812}.Debug|Any CPU.Build.0 = Debug|Any CPU
		{C0DF51C2-672B-4839-A910-352A22368812}.Release|Any CPU.ActiveCfg = Release|Any CPU
		{C0DF51C2-672B-4839-A910-352A22368812}.Release|Any CPU.Build.0 = Release|Any CPU
	EndGlobalSection
	GlobalSection(SolutionProperties) = preSolution
		HideSolutionNode = FALSE
	EndGlobalSection
	GlobalSection(ExtensibilityGlobals) = postSolution
		SolutionGuid = {4A1A3261-5454-4D24-BA53-C5CD6E632784}
	EndGlobalSection
EndGlobal
